// !$*UTF8*$!
{
	archiveVersion = 1;
	classes = {
	};
	objectVersion = 56;
	objects = {

/* Begin PBXBuildFile section */
		423FB93B2A61587E001C9EC5 /* team1nc3App.swift in Sources */ = {isa = PBXBuildFile; fileRef = 423FB93A2A61587E001C9EC5 /* team1nc3App.swift */; };
		423FB93D2A61587E001C9EC5 /* ContentView.swift in Sources */ = {isa = PBXBuildFile; fileRef = 423FB93C2A61587E001C9EC5 /* ContentView.swift */; };
		423FB93F2A615880001C9EC5 /* Assets.xcassets in Resources */ = {isa = PBXBuildFile; fileRef = 423FB93E2A615880001C9EC5 /* Assets.xcassets */; };
		423FB9422A615880001C9EC5 /* Preview Assets.xcassets in Resources */ = {isa = PBXBuildFile; fileRef = 423FB9412A615880001C9EC5 /* Preview Assets.xcassets */; };
		426A33CC2A6C1F4B0056F792 /* RequestDataModel.swift in Sources */ = {isa = PBXBuildFile; fileRef = 426A33BB2A6C1F4B0056F792 /* RequestDataModel.swift */; };
		426A33CD2A6C1F4B0056F792 /* DropDownView.swift in Sources */ = {isa = PBXBuildFile; fileRef = 426A33BE2A6C1F4B0056F792 /* DropDownView.swift */; };
		426A33CE2A6C1F4B0056F792 /* MenuSection.swift in Sources */ = {isa = PBXBuildFile; fileRef = 426A33BF2A6C1F4B0056F792 /* MenuSection.swift */; };
		426A33CF2A6C1F4B0056F792 /* ExpandedList.swift in Sources */ = {isa = PBXBuildFile; fileRef = 426A33C02A6C1F4B0056F792 /* ExpandedList.swift */; };
		426A33D02A6C1F4B0056F792 /* RequestPageView.swift in Sources */ = {isa = PBXBuildFile; fileRef = 426A33C22A6C1F4B0056F792 /* RequestPageView.swift */; };
		426A33D12A6C1F4B0056F792 /* TicketDetailViewModel.swift in Sources */ = {isa = PBXBuildFile; fileRef = 426A33C52A6C1F4B0056F792 /* TicketDetailViewModel.swift */; };
		426A33D22A6C1F4B0056F792 /* TicketView.swift in Sources */ = {isa = PBXBuildFile; fileRef = 426A33C72A6C1F4B0056F792 /* TicketView.swift */; };
		426A33D32A6C1F4B0056F792 /* TicketListDetailViews.swift in Sources */ = {isa = PBXBuildFile; fileRef = 426A33C82A6C1F4B0056F792 /* TicketListDetailViews.swift */; };
		426A33D42A6C1F4B0056F792 /* TicketRepositorySample.swift in Sources */ = {isa = PBXBuildFile; fileRef = 426A33CA2A6C1F4B0056F792 /* TicketRepositorySample.swift */; };
		426A33D52A6C1F4B0056F792 /* TicketingModel.swift in Sources */ = {isa = PBXBuildFile; fileRef = 426A33CB2A6C1F4B0056F792 /* TicketingModel.swift */; };
		85F7F60F2A6AD65E0064FA0C /* HomeViewModels.swift in Sources */ = {isa = PBXBuildFile; fileRef = 85F7F5E32A6AD65E0064FA0C /* HomeViewModels.swift */; };
		85F7F6102A6AD65E0064FA0C /* MenuModel.swift in Sources */ = {isa = PBXBuildFile; fileRef = 85F7F5E52A6AD65E0064FA0C /* MenuModel.swift */; };
		85F7F6112A6AD65E0064FA0C /* PointView.swift in Sources */ = {isa = PBXBuildFile; fileRef = 85F7F5E82A6AD65E0064FA0C /* PointView.swift */; };
		85F7F6122A6AD65E0064FA0C /* LifeStyleMenuView.swift in Sources */ = {isa = PBXBuildFile; fileRef = 85F7F5E92A6AD65E0064FA0C /* LifeStyleMenuView.swift */; };
		85F7F6132A6AD65E0064FA0C /* MenuView.swift in Sources */ = {isa = PBXBuildFile; fileRef = 85F7F5EA2A6AD65E0064FA0C /* MenuView.swift */; };
		85F7F6142A6AD65E0064FA0C /* HomeView.swift in Sources */ = {isa = PBXBuildFile; fileRef = 85F7F5EC2A6AD65E0064FA0C /* HomeView.swift */; };
		85F7F6152A6AD65E0064FA0C /* AccountPageViews.swift in Sources */ = {isa = PBXBuildFile; fileRef = 85F7F5F02A6AD65E0064FA0C /* AccountPageViews.swift */; };
		85F7F6162A6AD65E0064FA0C /* Feature1ViewModel.swift in Sources */ = {isa = PBXBuildFile; fileRef = 85F7F5F32A6AD65E0064FA0C /* Feature1ViewModel.swift */; };
		85F7F6172A6AD65E0064FA0C /* Feature1RepositorySample.swift in Sources */ = {isa = PBXBuildFile; fileRef = 85F7F5F52A6AD65E0064FA0C /* Feature1RepositorySample.swift */; };
		85F7F6182A6AD65E0064FA0C /* Feature1Model.swift in Sources */ = {isa = PBXBuildFile; fileRef = 85F7F5F62A6AD65E0064FA0C /* Feature1Model.swift */; };
		85F7F6192A6AD65E0064FA0C /* Feature1Component1.swift in Sources */ = {isa = PBXBuildFile; fileRef = 85F7F5F92A6AD65E0064FA0C /* Feature1Component1.swift */; };
		85F7F61A2A6AD65E0064FA0C /* Feature1View.swift in Sources */ = {isa = PBXBuildFile; fileRef = 85F7F5FB2A6AD65E0064FA0C /* Feature1View.swift */; };
		85F7F61B2A6AD65E0064FA0C /* SettingView.swift in Sources */ = {isa = PBXBuildFile; fileRef = 85F7F5FF2A6AD65E0064FA0C /* SettingView.swift */; };
		85F7F61C2A6AD65E0064FA0C /* AssitanceListDetailViewModel.swift in Sources */ = {isa = PBXBuildFile; fileRef = 85F7F6022A6AD65E0064FA0C /* AssitanceListDetailViewModel.swift */; };
		85F7F61D2A6AD65E0064FA0C /* ProfileRepositorySample.swift in Sources */ = {isa = PBXBuildFile; fileRef = 85F7F6042A6AD65E0064FA0C /* ProfileRepositorySample.swift */; };
		85F7F61E2A6AD65E0064FA0C /* ProfileModel.swift in Sources */ = {isa = PBXBuildFile; fileRef = 85F7F6052A6AD65E0064FA0C /* ProfileModel.swift */; };
		85F7F61F2A6AD65E0064FA0C /* HeightPreferenceKey.swift in Sources */ = {isa = PBXBuildFile; fileRef = 85F7F6082A6AD65E0064FA0C /* HeightPreferenceKey.swift */; };
		85F7F6202A6AD65E0064FA0C /* RoundedCorner.swift in Sources */ = {isa = PBXBuildFile; fileRef = 85F7F6092A6AD65E0064FA0C /* RoundedCorner.swift */; };
		85F7F6212A6AD65E0064FA0C /* AssistanceListDetailViews.swift in Sources */ = {isa = PBXBuildFile; fileRef = 85F7F60B2A6AD65E0064FA0C /* AssistanceListDetailViews.swift */; };
		85F7F6222A6AD65E0064FA0C /* Color+Theme.swift in Sources */ = {isa = PBXBuildFile; fileRef = 85F7F60E2A6AD65E0064FA0C /* Color+Theme.swift */; };
/* End PBXBuildFile section */

/* Begin PBXFileReference section */
		423FB9372A61587E001C9EC5 /* team1nc3.app */ = {isa = PBXFileReference; explicitFileType = wrapper.application; includeInIndex = 0; path = team1nc3.app; sourceTree = BUILT_PRODUCTS_DIR; };
		423FB93A2A61587E001C9EC5 /* team1nc3App.swift */ = {isa = PBXFileReference; lastKnownFileType = sourcecode.swift; path = team1nc3App.swift; sourceTree = "<group>"; };
		423FB93C2A61587E001C9EC5 /* ContentView.swift */ = {isa = PBXFileReference; lastKnownFileType = sourcecode.swift; path = ContentView.swift; sourceTree = "<group>"; };
		423FB93E2A615880001C9EC5 /* Assets.xcassets */ = {isa = PBXFileReference; lastKnownFileType = folder.assetcatalog; path = Assets.xcassets; sourceTree = "<group>"; };
		423FB9412A615880001C9EC5 /* Preview Assets.xcassets */ = {isa = PBXFileReference; lastKnownFileType = folder.assetcatalog; path = "Preview Assets.xcassets"; sourceTree = "<group>"; };
		426A33BB2A6C1F4B0056F792 /* RequestDataModel.swift */ = {isa = PBXFileReference; fileEncoding = 4; lastKnownFileType = sourcecode.swift; path = RequestDataModel.swift; sourceTree = "<group>"; };
		426A33BE2A6C1F4B0056F792 /* DropDownView.swift */ = {isa = PBXFileReference; fileEncoding = 4; lastKnownFileType = sourcecode.swift; path = DropDownView.swift; sourceTree = "<group>"; };
		426A33BF2A6C1F4B0056F792 /* MenuSection.swift */ = {isa = PBXFileReference; fileEncoding = 4; lastKnownFileType = sourcecode.swift; path = MenuSection.swift; sourceTree = "<group>"; };
		426A33C02A6C1F4B0056F792 /* ExpandedList.swift */ = {isa = PBXFileReference; fileEncoding = 4; lastKnownFileType = sourcecode.swift; path = ExpandedList.swift; sourceTree = "<group>"; };
		426A33C22A6C1F4B0056F792 /* RequestPageView.swift */ = {isa = PBXFileReference; fileEncoding = 4; lastKnownFileType = sourcecode.swift; path = RequestPageView.swift; sourceTree = "<group>"; };
		426A33C52A6C1F4B0056F792 /* TicketDetailViewModel.swift */ = {isa = PBXFileReference; fileEncoding = 4; lastKnownFileType = sourcecode.swift; path = TicketDetailViewModel.swift; sourceTree = "<group>"; };
		426A33C72A6C1F4B0056F792 /* TicketView.swift */ = {isa = PBXFileReference; fileEncoding = 4; lastKnownFileType = sourcecode.swift; path = TicketView.swift; sourceTree = "<group>"; };
		426A33C82A6C1F4B0056F792 /* TicketListDetailViews.swift */ = {isa = PBXFileReference; fileEncoding = 4; lastKnownFileType = sourcecode.swift; path = TicketListDetailViews.swift; sourceTree = "<group>"; };
		426A33CA2A6C1F4B0056F792 /* TicketRepositorySample.swift */ = {isa = PBXFileReference; fileEncoding = 4; lastKnownFileType = sourcecode.swift; path = TicketRepositorySample.swift; sourceTree = "<group>"; };
		426A33CB2A6C1F4B0056F792 /* TicketingModel.swift */ = {isa = PBXFileReference; fileEncoding = 4; lastKnownFileType = sourcecode.swift; path = TicketingModel.swift; sourceTree = "<group>"; };
		85F7F5E32A6AD65E0064FA0C /* HomeViewModels.swift */ = {isa = PBXFileReference; fileEncoding = 4; lastKnownFileType = sourcecode.swift; path = HomeViewModels.swift; sourceTree = "<group>"; };
		85F7F5E52A6AD65E0064FA0C /* MenuModel.swift */ = {isa = PBXFileReference; fileEncoding = 4; lastKnownFileType = sourcecode.swift; path = MenuModel.swift; sourceTree = "<group>"; };
		85F7F5E82A6AD65E0064FA0C /* PointView.swift */ = {isa = PBXFileReference; fileEncoding = 4; lastKnownFileType = sourcecode.swift; path = PointView.swift; sourceTree = "<group>"; };
		85F7F5E92A6AD65E0064FA0C /* LifeStyleMenuView.swift */ = {isa = PBXFileReference; fileEncoding = 4; lastKnownFileType = sourcecode.swift; path = LifeStyleMenuView.swift; sourceTree = "<group>"; };
		85F7F5EA2A6AD65E0064FA0C /* MenuView.swift */ = {isa = PBXFileReference; fileEncoding = 4; lastKnownFileType = sourcecode.swift; path = MenuView.swift; sourceTree = "<group>"; };
		85F7F5EC2A6AD65E0064FA0C /* HomeView.swift */ = {isa = PBXFileReference; fileEncoding = 4; lastKnownFileType = sourcecode.swift; path = HomeView.swift; sourceTree = "<group>"; };
		85F7F5F02A6AD65E0064FA0C /* AccountPageViews.swift */ = {isa = PBXFileReference; fileEncoding = 4; lastKnownFileType = sourcecode.swift; path = AccountPageViews.swift; sourceTree = "<group>"; };
		85F7F5F32A6AD65E0064FA0C /* Feature1ViewModel.swift */ = {isa = PBXFileReference; fileEncoding = 4; lastKnownFileType = sourcecode.swift; path = Feature1ViewModel.swift; sourceTree = "<group>"; };
		85F7F5F52A6AD65E0064FA0C /* Feature1RepositorySample.swift */ = {isa = PBXFileReference; fileEncoding = 4; lastKnownFileType = sourcecode.swift; path = Feature1RepositorySample.swift; sourceTree = "<group>"; };
		85F7F5F62A6AD65E0064FA0C /* Feature1Model.swift */ = {isa = PBXFileReference; fileEncoding = 4; lastKnownFileType = sourcecode.swift; path = Feature1Model.swift; sourceTree = "<group>"; };
		85F7F5F92A6AD65E0064FA0C /* Feature1Component1.swift */ = {isa = PBXFileReference; fileEncoding = 4; lastKnownFileType = sourcecode.swift; path = Feature1Component1.swift; sourceTree = "<group>"; };
		85F7F5FB2A6AD65E0064FA0C /* Feature1View.swift */ = {isa = PBXFileReference; fileEncoding = 4; lastKnownFileType = sourcecode.swift; path = Feature1View.swift; sourceTree = "<group>"; };
		85F7F5FF2A6AD65E0064FA0C /* SettingView.swift */ = {isa = PBXFileReference; fileEncoding = 4; lastKnownFileType = sourcecode.swift; path = SettingView.swift; sourceTree = "<group>"; };
		85F7F6022A6AD65E0064FA0C /* AssitanceListDetailViewModel.swift */ = {isa = PBXFileReference; fileEncoding = 4; lastKnownFileType = sourcecode.swift; path = AssitanceListDetailViewModel.swift; sourceTree = "<group>"; };
		85F7F6042A6AD65E0064FA0C /* ProfileRepositorySample.swift */ = {isa = PBXFileReference; fileEncoding = 4; lastKnownFileType = sourcecode.swift; path = ProfileRepositorySample.swift; sourceTree = "<group>"; };
		85F7F6052A6AD65E0064FA0C /* ProfileModel.swift */ = {isa = PBXFileReference; fileEncoding = 4; lastKnownFileType = sourcecode.swift; path = ProfileModel.swift; sourceTree = "<group>"; };
		85F7F6082A6AD65E0064FA0C /* HeightPreferenceKey.swift */ = {isa = PBXFileReference; fileEncoding = 4; lastKnownFileType = sourcecode.swift; path = HeightPreferenceKey.swift; sourceTree = "<group>"; };
		85F7F6092A6AD65E0064FA0C /* RoundedCorner.swift */ = {isa = PBXFileReference; fileEncoding = 4; lastKnownFileType = sourcecode.swift; path = RoundedCorner.swift; sourceTree = "<group>"; };
		85F7F60B2A6AD65E0064FA0C /* AssistanceListDetailViews.swift */ = {isa = PBXFileReference; fileEncoding = 4; lastKnownFileType = sourcecode.swift; path = AssistanceListDetailViews.swift; sourceTree = "<group>"; };
		85F7F60E2A6AD65E0064FA0C /* Color+Theme.swift */ = {isa = PBXFileReference; fileEncoding = 4; lastKnownFileType = sourcecode.swift; path = "Color+Theme.swift"; sourceTree = "<group>"; };
		85F7F6232A6AD91D0064FA0C /* Info.plist */ = {isa = PBXFileReference; lastKnownFileType = text.plist; path = Info.plist; sourceTree = "<group>"; };
/* End PBXFileReference section */

/* Begin PBXFrameworksBuildPhase section */
		423FB9342A61587E001C9EC5 /* Frameworks */ = {
			isa = PBXFrameworksBuildPhase;
			buildActionMask = 2147483647;
			files = (
			);
			runOnlyForDeploymentPostprocessing = 0;
		};
/* End PBXFrameworksBuildPhase section */

/* Begin PBXGroup section */
		423FB92E2A61587E001C9EC5 = {
			isa = PBXGroup;
			children = (
				423FB9392A61587E001C9EC5 /* team1nc3 */,
				423FB9382A61587E001C9EC5 /* Products */,
			);
			sourceTree = "<group>";
		};
		423FB9382A61587E001C9EC5 /* Products */ = {
			isa = PBXGroup;
			children = (
				423FB9372A61587E001C9EC5 /* team1nc3.app */,
			);
			name = Products;
			sourceTree = "<group>";
		};
		423FB9392A61587E001C9EC5 /* team1nc3 */ = {
			isa = PBXGroup;
			children = (
				85F7F6232A6AD91D0064FA0C /* Info.plist */,
				423FB9482A615953001C9EC5 /* Config */,
				85F7F60C2A6AD65E0064FA0C /* Core */,
				85F7F5E02A6AD65E0064FA0C /* Features */,
				423FB9402A615880001C9EC5 /* Preview Content */,
				423FB93C2A61587E001C9EC5 /* ContentView.swift */,
			);
			path = team1nc3;
			sourceTree = "<group>";
		};
		423FB9402A615880001C9EC5 /* Preview Content */ = {
			isa = PBXGroup;
			children = (
				423FB9412A615880001C9EC5 /* Preview Assets.xcassets */,
			);
			path = "Preview Content";
			sourceTree = "<group>";
		};
		423FB9482A615953001C9EC5 /* Config */ = {
			isa = PBXGroup;
			children = (
				423FB94B2A6159AE001C9EC5 /* Apps */,
				423FB94C2A6159B4001C9EC5 /* Resources */,
			);
			path = Config;
			sourceTree = "<group>";
		};
		423FB94B2A6159AE001C9EC5 /* Apps */ = {
			isa = PBXGroup;
			children = (
				423FB93A2A61587E001C9EC5 /* team1nc3App.swift */,
			);
			path = Apps;
			sourceTree = "<group>";
		};
		423FB94C2A6159B4001C9EC5 /* Resources */ = {
			isa = PBXGroup;
			children = (
				423FB93E2A615880001C9EC5 /* Assets.xcassets */,
			);
			path = Resources;
			sourceTree = "<group>";
		};
		426A33B92A6C1F4B0056F792 /* RequestPage */ = {
			isa = PBXGroup;
			children = (
				426A33BA2A6C1F4B0056F792 /* Models */,
				426A33BC2A6C1F4B0056F792 /* Presentations */,
			);
			path = RequestPage;
			sourceTree = "<group>";
		};
		426A33BA2A6C1F4B0056F792 /* Models */ = {
			isa = PBXGroup;
			children = (
				426A33BB2A6C1F4B0056F792 /* RequestDataModel.swift */,
			);
			path = Models;
			sourceTree = "<group>";
		};
		426A33BC2A6C1F4B0056F792 /* Presentations */ = {
			isa = PBXGroup;
			children = (
				426A33BD2A6C1F4B0056F792 /* Components */,
				426A33C12A6C1F4B0056F792 /* Views */,
			);
			path = Presentations;
			sourceTree = "<group>";
		};
		426A33BD2A6C1F4B0056F792 /* Components */ = {
			isa = PBXGroup;
			children = (
				426A33BE2A6C1F4B0056F792 /* DropDownView.swift */,
				426A33BF2A6C1F4B0056F792 /* MenuSection.swift */,
				426A33C02A6C1F4B0056F792 /* ExpandedList.swift */,
			);
			path = Components;
			sourceTree = "<group>";
		};
		426A33C12A6C1F4B0056F792 /* Views */ = {
			isa = PBXGroup;
			children = (
				426A33C22A6C1F4B0056F792 /* RequestPageView.swift */,
			);
			path = Views;
			sourceTree = "<group>";
		};
		426A33C32A6C1F4B0056F792 /* TicketingPage */ = {
			isa = PBXGroup;
			children = (
				426A33C42A6C1F4B0056F792 /* ViewModels */,
				426A33C62A6C1F4B0056F792 /* Presenters */,
				426A33C92A6C1F4B0056F792 /* Model */,
			);
			path = TicketingPage;
			sourceTree = "<group>";
		};
		426A33C42A6C1F4B0056F792 /* ViewModels */ = {
			isa = PBXGroup;
			children = (
				426A33C52A6C1F4B0056F792 /* TicketDetailViewModel.swift */,
			);
			path = ViewModels;
			sourceTree = "<group>";
		};
		426A33C62A6C1F4B0056F792 /* Presenters */ = {
			isa = PBXGroup;
			children = (
				426A33C72A6C1F4B0056F792 /* TicketView.swift */,
				426A33C82A6C1F4B0056F792 /* TicketListDetailViews.swift */,
			);
			path = Presenters;
			sourceTree = "<group>";
		};
		426A33C92A6C1F4B0056F792 /* Model */ = {
			isa = PBXGroup;
			children = (
				426A33CA2A6C1F4B0056F792 /* TicketRepositorySample.swift */,
				426A33CB2A6C1F4B0056F792 /* TicketingModel.swift */,
			);
			path = Model;
			sourceTree = "<group>";
		};
		85F7F5E02A6AD65E0064FA0C /* Features */ = {
			isa = PBXGroup;
			children = (
				426A33B92A6C1F4B0056F792 /* RequestPage */,
				426A33C32A6C1F4B0056F792 /* TicketingPage */,
				85F7F5E12A6AD65E0064FA0C /* Home */,
				85F7F5ED2A6AD65E0064FA0C /* AccountPage */,
				85F7F5F12A6AD65E0064FA0C /* Feature1 */,
				85F7F5FC2A6AD65E0064FA0C /* SettingPage */,
				85F7F6002A6AD65E0064FA0C /* AssistanceListDetailPage */,
			);
			path = Features;
			sourceTree = "<group>";
		};
		85F7F5E12A6AD65E0064FA0C /* Home */ = {
			isa = PBXGroup;
			children = (
				85F7F5E22A6AD65E0064FA0C /* ViewModels */,
				85F7F5E42A6AD65E0064FA0C /* Models */,
				85F7F5E62A6AD65E0064FA0C /* Presentations */,
			);
			path = Home;
			sourceTree = "<group>";
		};
		85F7F5E22A6AD65E0064FA0C /* ViewModels */ = {
			isa = PBXGroup;
			children = (
				85F7F5E32A6AD65E0064FA0C /* HomeViewModels.swift */,
			);
			path = ViewModels;
			sourceTree = "<group>";
		};
		85F7F5E42A6AD65E0064FA0C /* Models */ = {
			isa = PBXGroup;
			children = (
				85F7F5E52A6AD65E0064FA0C /* MenuModel.swift */,
			);
			path = Models;
			sourceTree = "<group>";
		};
		85F7F5E62A6AD65E0064FA0C /* Presentations */ = {
			isa = PBXGroup;
			children = (
				85F7F5E72A6AD65E0064FA0C /* Components */,
				85F7F5EB2A6AD65E0064FA0C /* Views */,
			);
			path = Presentations;
			sourceTree = "<group>";
		};
		85F7F5E72A6AD65E0064FA0C /* Components */ = {
			isa = PBXGroup;
			children = (
				85F7F5E82A6AD65E0064FA0C /* PointView.swift */,
				85F7F5E92A6AD65E0064FA0C /* LifeStyleMenuView.swift */,
				85F7F5EA2A6AD65E0064FA0C /* MenuView.swift */,
			);
			path = Components;
			sourceTree = "<group>";
		};
		85F7F5EB2A6AD65E0064FA0C /* Views */ = {
			isa = PBXGroup;
			children = (
				85F7F5EC2A6AD65E0064FA0C /* HomeView.swift */,
			);
			path = Views;
			sourceTree = "<group>";
		};
		85F7F5ED2A6AD65E0064FA0C /* AccountPage */ = {
			isa = PBXGroup;
			children = (
				85F7F5EE2A6AD65E0064FA0C /* Presenters */,
			);
			path = AccountPage;
			sourceTree = "<group>";
		};
		85F7F5EE2A6AD65E0064FA0C /* Presenters */ = {
			isa = PBXGroup;
			children = (
				85F7F5EF2A6AD65E0064FA0C /* Views */,
			);
			path = Presenters;
			sourceTree = "<group>";
		};
		85F7F5EF2A6AD65E0064FA0C /* Views */ = {
			isa = PBXGroup;
			children = (
				85F7F5F02A6AD65E0064FA0C /* AccountPageViews.swift */,
			);
			path = Views;
			sourceTree = "<group>";
		};
		85F7F5F12A6AD65E0064FA0C /* Feature1 */ = {
			isa = PBXGroup;
			children = (
				85F7F5F22A6AD65E0064FA0C /* ViewModels */,
				85F7F5F42A6AD65E0064FA0C /* Models */,
				85F7F5F72A6AD65E0064FA0C /* Presentations */,
			);
			path = Feature1;
			sourceTree = "<group>";
		};
		85F7F5F22A6AD65E0064FA0C /* ViewModels */ = {
			isa = PBXGroup;
			children = (
				85F7F5F32A6AD65E0064FA0C /* Feature1ViewModel.swift */,
			);
			path = ViewModels;
			sourceTree = "<group>";
		};
		85F7F5F42A6AD65E0064FA0C /* Models */ = {
			isa = PBXGroup;
			children = (
				85F7F5F52A6AD65E0064FA0C /* Feature1RepositorySample.swift */,
				85F7F5F62A6AD65E0064FA0C /* Feature1Model.swift */,
			);
			path = Models;
			sourceTree = "<group>";
		};
		85F7F5F72A6AD65E0064FA0C /* Presentations */ = {
			isa = PBXGroup;
			children = (
				85F7F5F82A6AD65E0064FA0C /* Components */,
				85F7F5FA2A6AD65E0064FA0C /* Views */,
			);
			path = Presentations;
			sourceTree = "<group>";
		};
		85F7F5F82A6AD65E0064FA0C /* Components */ = {
			isa = PBXGroup;
			children = (
				85F7F5F92A6AD65E0064FA0C /* Feature1Component1.swift */,
			);
			path = Components;
			sourceTree = "<group>";
		};
		85F7F5FA2A6AD65E0064FA0C /* Views */ = {
			isa = PBXGroup;
			children = (
				85F7F5FB2A6AD65E0064FA0C /* Feature1View.swift */,
			);
			path = Views;
			sourceTree = "<group>";
		};
		85F7F5FC2A6AD65E0064FA0C /* SettingPage */ = {
			isa = PBXGroup;
			children = (
				85F7F5FD2A6AD65E0064FA0C /* Presenters */,
			);
			path = SettingPage;
			sourceTree = "<group>";
		};
		85F7F5FD2A6AD65E0064FA0C /* Presenters */ = {
			isa = PBXGroup;
			children = (
				85F7F5FE2A6AD65E0064FA0C /* Views */,
			);
			path = Presenters;
			sourceTree = "<group>";
		};
		85F7F5FE2A6AD65E0064FA0C /* Views */ = {
			isa = PBXGroup;
			children = (
				85F7F5FF2A6AD65E0064FA0C /* SettingView.swift */,
			);
			path = Views;
			sourceTree = "<group>";
		};
		85F7F6002A6AD65E0064FA0C /* AssistanceListDetailPage */ = {
			isa = PBXGroup;
			children = (
				85F7F6012A6AD65E0064FA0C /* ViewModels */,
				85F7F6032A6AD65E0064FA0C /* Models */,
				85F7F6062A6AD65E0064FA0C /* Presentasions */,
			);
			path = AssistanceListDetailPage;
			sourceTree = "<group>";
		};
		85F7F6012A6AD65E0064FA0C /* ViewModels */ = {
			isa = PBXGroup;
			children = (
				85F7F6022A6AD65E0064FA0C /* AssitanceListDetailViewModel.swift */,
			);
			path = ViewModels;
			sourceTree = "<group>";
		};
		85F7F6032A6AD65E0064FA0C /* Models */ = {
			isa = PBXGroup;
			children = (
				85F7F6042A6AD65E0064FA0C /* ProfileRepositorySample.swift */,
				85F7F6052A6AD65E0064FA0C /* ProfileModel.swift */,
			);
			path = Models;
			sourceTree = "<group>";
		};
		85F7F6062A6AD65E0064FA0C /* Presentasions */ = {
			isa = PBXGroup;
			children = (
				85F7F6072A6AD65E0064FA0C /* Components */,
				85F7F60A2A6AD65E0064FA0C /* Views */,
			);
			path = Presentasions;
			sourceTree = "<group>";
		};
		85F7F6072A6AD65E0064FA0C /* Components */ = {
			isa = PBXGroup;
			children = (
				85F7F6082A6AD65E0064FA0C /* HeightPreferenceKey.swift */,
				85F7F6092A6AD65E0064FA0C /* RoundedCorner.swift */,
			);
			path = Components;
			sourceTree = "<group>";
		};
		85F7F60A2A6AD65E0064FA0C /* Views */ = {
			isa = PBXGroup;
			children = (
				85F7F60B2A6AD65E0064FA0C /* AssistanceListDetailViews.swift */,
			);
			path = Views;
			sourceTree = "<group>";
		};
		85F7F60C2A6AD65E0064FA0C /* Core */ = {
			isa = PBXGroup;
			children = (
				85F7F60D2A6AD65E0064FA0C /* Themes */,
			);
			path = Core;
			sourceTree = "<group>";
		};
		85F7F60D2A6AD65E0064FA0C /* Themes */ = {
			isa = PBXGroup;
			children = (
				85F7F60E2A6AD65E0064FA0C /* Color+Theme.swift */,
			);
			path = Themes;
			sourceTree = "<group>";
		};
/* End PBXGroup section */

/* Begin PBXNativeTarget section */
		423FB9362A61587E001C9EC5 /* team1nc3 */ = {
			isa = PBXNativeTarget;
			buildConfigurationList = 423FB9452A615880001C9EC5 /* Build configuration list for PBXNativeTarget "team1nc3" */;
			buildPhases = (
				423FB9332A61587E001C9EC5 /* Sources */,
				423FB9342A61587E001C9EC5 /* Frameworks */,
				423FB9352A61587E001C9EC5 /* Resources */,
			);
			buildRules = (
			);
			dependencies = (
			);
			name = team1nc3;
			productName = team1nc3;
			productReference = 423FB9372A61587E001C9EC5 /* team1nc3.app */;
			productType = "com.apple.product-type.application";
		};
/* End PBXNativeTarget section */

/* Begin PBXProject section */
		423FB92F2A61587E001C9EC5 /* Project object */ = {
			isa = PBXProject;
			attributes = {
				BuildIndependentTargetsInParallel = 1;
				LastSwiftUpdateCheck = 1420;
				LastUpgradeCheck = 1420;
				TargetAttributes = {
					423FB9362A61587E001C9EC5 = {
						CreatedOnToolsVersion = 14.2;
					};
				};
			};
			buildConfigurationList = 423FB9322A61587E001C9EC5 /* Build configuration list for PBXProject "team1nc3" */;
			compatibilityVersion = "Xcode 14.0";
			developmentRegion = en;
			hasScannedForEncodings = 0;
			knownRegions = (
				en,
				Base,
			);
			mainGroup = 423FB92E2A61587E001C9EC5;
			productRefGroup = 423FB9382A61587E001C9EC5 /* Products */;
			projectDirPath = "";
			projectRoot = "";
			targets = (
				423FB9362A61587E001C9EC5 /* team1nc3 */,
			);
		};
/* End PBXProject section */

/* Begin PBXResourcesBuildPhase section */
		423FB9352A61587E001C9EC5 /* Resources */ = {
			isa = PBXResourcesBuildPhase;
			buildActionMask = 2147483647;
			files = (
				423FB9422A615880001C9EC5 /* Preview Assets.xcassets in Resources */,
				423FB93F2A615880001C9EC5 /* Assets.xcassets in Resources */,
			);
			runOnlyForDeploymentPostprocessing = 0;
		};
/* End PBXResourcesBuildPhase section */

/* Begin PBXSourcesBuildPhase section */
		423FB9332A61587E001C9EC5 /* Sources */ = {
			isa = PBXSourcesBuildPhase;
			buildActionMask = 2147483647;
			files = (
				85F7F6132A6AD65E0064FA0C /* MenuView.swift in Sources */,
				426A33D12A6C1F4B0056F792 /* TicketDetailViewModel.swift in Sources */,
				426A33D52A6C1F4B0056F792 /* TicketingModel.swift in Sources */,
				85F7F61D2A6AD65E0064FA0C /* ProfileRepositorySample.swift in Sources */,
				85F7F6162A6AD65E0064FA0C /* Feature1ViewModel.swift in Sources */,
				85F7F6222A6AD65E0064FA0C /* Color+Theme.swift in Sources */,
				85F7F6112A6AD65E0064FA0C /* PointView.swift in Sources */,
				426A33CD2A6C1F4B0056F792 /* DropDownView.swift in Sources */,
				85F7F61F2A6AD65E0064FA0C /* HeightPreferenceKey.swift in Sources */,
				85F7F6102A6AD65E0064FA0C /* MenuModel.swift in Sources */,
				426A33D42A6C1F4B0056F792 /* TicketRepositorySample.swift in Sources */,
				85F7F6182A6AD65E0064FA0C /* Feature1Model.swift in Sources */,
				426A33D02A6C1F4B0056F792 /* RequestPageView.swift in Sources */,
				85F7F60F2A6AD65E0064FA0C /* HomeViewModels.swift in Sources */,
				426A33CE2A6C1F4B0056F792 /* MenuSection.swift in Sources */,
				85F7F61B2A6AD65E0064FA0C /* SettingView.swift in Sources */,
				426A33CF2A6C1F4B0056F792 /* ExpandedList.swift in Sources */,
				85F7F6212A6AD65E0064FA0C /* AssistanceListDetailViews.swift in Sources */,
				85F7F6122A6AD65E0064FA0C /* LifeStyleMenuView.swift in Sources */,
				85F7F61E2A6AD65E0064FA0C /* ProfileModel.swift in Sources */,
				85F7F61A2A6AD65E0064FA0C /* Feature1View.swift in Sources */,
				426A33D22A6C1F4B0056F792 /* TicketView.swift in Sources */,
				85F7F6202A6AD65E0064FA0C /* RoundedCorner.swift in Sources */,
				85F7F6192A6AD65E0064FA0C /* Feature1Component1.swift in Sources */,
				85F7F6172A6AD65E0064FA0C /* Feature1RepositorySample.swift in Sources */,
				426A33CC2A6C1F4B0056F792 /* RequestDataModel.swift in Sources */,
				85F7F6142A6AD65E0064FA0C /* HomeView.swift in Sources */,
				423FB93D2A61587E001C9EC5 /* ContentView.swift in Sources */,
				423FB93B2A61587E001C9EC5 /* team1nc3App.swift in Sources */,
				426A33D32A6C1F4B0056F792 /* TicketListDetailViews.swift in Sources */,
				85F7F6152A6AD65E0064FA0C /* AccountPageViews.swift in Sources */,
				85F7F61C2A6AD65E0064FA0C /* AssitanceListDetailViewModel.swift in Sources */,
			);
			runOnlyForDeploymentPostprocessing = 0;
		};
/* End PBXSourcesBuildPhase section */

/* Begin XCBuildConfiguration section */
		423FB9432A615880001C9EC5 /* Debug */ = {
			isa = XCBuildConfiguration;
			buildSettings = {
				ALWAYS_SEARCH_USER_PATHS = NO;
				CLANG_ANALYZER_NONNULL = YES;
				CLANG_ANALYZER_NUMBER_OBJECT_CONVERSION = YES_AGGRESSIVE;
				CLANG_CXX_LANGUAGE_STANDARD = "gnu++20";
				CLANG_ENABLE_MODULES = YES;
				CLANG_ENABLE_OBJC_ARC = YES;
				CLANG_ENABLE_OBJC_WEAK = YES;
				CLANG_WARN_BLOCK_CAPTURE_AUTORELEASING = YES;
				CLANG_WARN_BOOL_CONVERSION = YES;
				CLANG_WARN_COMMA = YES;
				CLANG_WARN_CONSTANT_CONVERSION = YES;
				CLANG_WARN_DEPRECATED_OBJC_IMPLEMENTATIONS = YES;
				CLANG_WARN_DIRECT_OBJC_ISA_USAGE = YES_ERROR;
				CLANG_WARN_DOCUMENTATION_COMMENTS = YES;
				CLANG_WARN_EMPTY_BODY = YES;
				CLANG_WARN_ENUM_CONVERSION = YES;
				CLANG_WARN_INFINITE_RECURSION = YES;
				CLANG_WARN_INT_CONVERSION = YES;
				CLANG_WARN_NON_LITERAL_NULL_CONVERSION = YES;
				CLANG_WARN_OBJC_IMPLICIT_RETAIN_SELF = YES;
				CLANG_WARN_OBJC_LITERAL_CONVERSION = YES;
				CLANG_WARN_OBJC_ROOT_CLASS = YES_ERROR;
				CLANG_WARN_QUOTED_INCLUDE_IN_FRAMEWORK_HEADER = YES;
				CLANG_WARN_RANGE_LOOP_ANALYSIS = YES;
				CLANG_WARN_STRICT_PROTOTYPES = YES;
				CLANG_WARN_SUSPICIOUS_MOVE = YES;
				CLANG_WARN_UNGUARDED_AVAILABILITY = YES_AGGRESSIVE;
				CLANG_WARN_UNREACHABLE_CODE = YES;
				CLANG_WARN__DUPLICATE_METHOD_MATCH = YES;
				COPY_PHASE_STRIP = NO;
				DEBUG_INFORMATION_FORMAT = dwarf;
				ENABLE_STRICT_OBJC_MSGSEND = YES;
				ENABLE_TESTABILITY = YES;
				GCC_C_LANGUAGE_STANDARD = gnu11;
				GCC_DYNAMIC_NO_PIC = NO;
				GCC_NO_COMMON_BLOCKS = YES;
				GCC_OPTIMIZATION_LEVEL = 0;
				GCC_PREPROCESSOR_DEFINITIONS = (
					"DEBUG=1",
					"$(inherited)",
				);
				GCC_WARN_64_TO_32_BIT_CONVERSION = YES;
				GCC_WARN_ABOUT_RETURN_TYPE = YES_ERROR;
				GCC_WARN_UNDECLARED_SELECTOR = YES;
				GCC_WARN_UNINITIALIZED_AUTOS = YES_AGGRESSIVE;
				GCC_WARN_UNUSED_FUNCTION = YES;
				GCC_WARN_UNUSED_VARIABLE = YES;
				IPHONEOS_DEPLOYMENT_TARGET = 16.2;
				MTL_ENABLE_DEBUG_INFO = INCLUDE_SOURCE;
				MTL_FAST_MATH = YES;
				ONLY_ACTIVE_ARCH = YES;
				SDKROOT = iphoneos;
				SWIFT_ACTIVE_COMPILATION_CONDITIONS = DEBUG;
				SWIFT_OPTIMIZATION_LEVEL = "-Onone";
			};
			name = Debug;
		};
		423FB9442A615880001C9EC5 /* Release */ = {
			isa = XCBuildConfiguration;
			buildSettings = {
				ALWAYS_SEARCH_USER_PATHS = NO;
				CLANG_ANALYZER_NONNULL = YES;
				CLANG_ANALYZER_NUMBER_OBJECT_CONVERSION = YES_AGGRESSIVE;
				CLANG_CXX_LANGUAGE_STANDARD = "gnu++20";
				CLANG_ENABLE_MODULES = YES;
				CLANG_ENABLE_OBJC_ARC = YES;
				CLANG_ENABLE_OBJC_WEAK = YES;
				CLANG_WARN_BLOCK_CAPTURE_AUTORELEASING = YES;
				CLANG_WARN_BOOL_CONVERSION = YES;
				CLANG_WARN_COMMA = YES;
				CLANG_WARN_CONSTANT_CONVERSION = YES;
				CLANG_WARN_DEPRECATED_OBJC_IMPLEMENTATIONS = YES;
				CLANG_WARN_DIRECT_OBJC_ISA_USAGE = YES_ERROR;
				CLANG_WARN_DOCUMENTATION_COMMENTS = YES;
				CLANG_WARN_EMPTY_BODY = YES;
				CLANG_WARN_ENUM_CONVERSION = YES;
				CLANG_WARN_INFINITE_RECURSION = YES;
				CLANG_WARN_INT_CONVERSION = YES;
				CLANG_WARN_NON_LITERAL_NULL_CONVERSION = YES;
				CLANG_WARN_OBJC_IMPLICIT_RETAIN_SELF = YES;
				CLANG_WARN_OBJC_LITERAL_CONVERSION = YES;
				CLANG_WARN_OBJC_ROOT_CLASS = YES_ERROR;
				CLANG_WARN_QUOTED_INCLUDE_IN_FRAMEWORK_HEADER = YES;
				CLANG_WARN_RANGE_LOOP_ANALYSIS = YES;
				CLANG_WARN_STRICT_PROTOTYPES = YES;
				CLANG_WARN_SUSPICIOUS_MOVE = YES;
				CLANG_WARN_UNGUARDED_AVAILABILITY = YES_AGGRESSIVE;
				CLANG_WARN_UNREACHABLE_CODE = YES;
				CLANG_WARN__DUPLICATE_METHOD_MATCH = YES;
				COPY_PHASE_STRIP = NO;
				DEBUG_INFORMATION_FORMAT = "dwarf-with-dsym";
				ENABLE_NS_ASSERTIONS = NO;
				ENABLE_STRICT_OBJC_MSGSEND = YES;
				GCC_C_LANGUAGE_STANDARD = gnu11;
				GCC_NO_COMMON_BLOCKS = YES;
				GCC_WARN_64_TO_32_BIT_CONVERSION = YES;
				GCC_WARN_ABOUT_RETURN_TYPE = YES_ERROR;
				GCC_WARN_UNDECLARED_SELECTOR = YES;
				GCC_WARN_UNINITIALIZED_AUTOS = YES_AGGRESSIVE;
				GCC_WARN_UNUSED_FUNCTION = YES;
				GCC_WARN_UNUSED_VARIABLE = YES;
				IPHONEOS_DEPLOYMENT_TARGET = 16.2;
				MTL_ENABLE_DEBUG_INFO = NO;
				MTL_FAST_MATH = YES;
				SDKROOT = iphoneos;
				SWIFT_COMPILATION_MODE = wholemodule;
				SWIFT_OPTIMIZATION_LEVEL = "-O";
				VALIDATE_PRODUCT = YES;
			};
			name = Release;
		};
		423FB9462A615880001C9EC5 /* Debug */ = {
			isa = XCBuildConfiguration;
			buildSettings = {
				ASSETCATALOG_COMPILER_APPICON_NAME = AppIcon;
				ASSETCATALOG_COMPILER_GLOBAL_ACCENT_COLOR_NAME = AccentColor;
				CODE_SIGN_STYLE = Automatic;
				CURRENT_PROJECT_VERSION = 1;
				DEVELOPMENT_ASSET_PATHS = "\"team1nc3/Preview Content\"";
				DEVELOPMENT_TEAM = VZ4YRNP8JB;
				ENABLE_PREVIEWS = YES;
				GENERATE_INFOPLIST_FILE = YES;
				INFOPLIST_FILE = team1nc3/Info.plist;
				INFOPLIST_KEY_CFBundleDisplayName = "MRT Assistance";
				INFOPLIST_KEY_UIApplicationSceneManifest_Generation = YES;
				INFOPLIST_KEY_UIApplicationSupportsIndirectInputEvents = YES;
				INFOPLIST_KEY_UILaunchScreen_Generation = YES;
				INFOPLIST_KEY_UIStatusBarStyle = "";
				INFOPLIST_KEY_UISupportedInterfaceOrientations_iPad = "UIInterfaceOrientationPortrait UIInterfaceOrientationPortraitUpsideDown UIInterfaceOrientationLandscapeLeft UIInterfaceOrientationLandscapeRight";
				INFOPLIST_KEY_UISupportedInterfaceOrientations_iPhone = "UIInterfaceOrientationPortrait UIInterfaceOrientationLandscapeLeft UIInterfaceOrientationLandscapeRight";
				INFOPLIST_KEY_UIUserInterfaceStyle = Light;
				IPHONEOS_DEPLOYMENT_TARGET = 16.0;
				LD_RUNPATH_SEARCH_PATHS = (
					"$(inherited)",
					"@executable_path/Frameworks",
				);
				MARKETING_VERSION = 0.1.0;
				PRODUCT_BUNDLE_IDENTIFIER = com.team1nc3.mrtassistance;
				PRODUCT_NAME = "$(TARGET_NAME)";
				SWIFT_EMIT_LOC_STRINGS = YES;
				SWIFT_VERSION = 5.0;
				TARGETED_DEVICE_FAMILY = "1,2";
			};
			name = Debug;
		};
		423FB9472A615880001C9EC5 /* Release */ = {
			isa = XCBuildConfiguration;
			buildSettings = {
				ASSETCATALOG_COMPILER_APPICON_NAME = AppIcon;
				ASSETCATALOG_COMPILER_GLOBAL_ACCENT_COLOR_NAME = AccentColor;
				CODE_SIGN_STYLE = Automatic;
				CURRENT_PROJECT_VERSION = 1;
				DEVELOPMENT_ASSET_PATHS = "\"team1nc3/Preview Content\"";
				DEVELOPMENT_TEAM = VZ4YRNP8JB;
				ENABLE_PREVIEWS = YES;
				GENERATE_INFOPLIST_FILE = YES;
				INFOPLIST_FILE = team1nc3/Info.plist;
				INFOPLIST_KEY_CFBundleDisplayName = "MRT Assistance";
				INFOPLIST_KEY_UIApplicationSceneManifest_Generation = YES;
				INFOPLIST_KEY_UIApplicationSupportsIndirectInputEvents = YES;
				INFOPLIST_KEY_UILaunchScreen_Generation = YES;
				INFOPLIST_KEY_UIStatusBarStyle = "";
				INFOPLIST_KEY_UISupportedInterfaceOrientations_iPad = "UIInterfaceOrientationPortrait UIInterfaceOrientationPortraitUpsideDown UIInterfaceOrientationLandscapeLeft UIInterfaceOrientationLandscapeRight";
				INFOPLIST_KEY_UISupportedInterfaceOrientations_iPhone = "UIInterfaceOrientationPortrait UIInterfaceOrientationLandscapeLeft UIInterfaceOrientationLandscapeRight";
				INFOPLIST_KEY_UIUserInterfaceStyle = Light;
				IPHONEOS_DEPLOYMENT_TARGET = 16.0;
				LD_RUNPATH_SEARCH_PATHS = (
					"$(inherited)",
					"@executable_path/Frameworks",
				);
				MARKETING_VERSION = 0.1.0;
				PRODUCT_BUNDLE_IDENTIFIER = com.team1nc3.mrtassistance;
				PRODUCT_NAME = "$(TARGET_NAME)";
				SWIFT_EMIT_LOC_STRINGS = YES;
				SWIFT_VERSION = 5.0;
				TARGETED_DEVICE_FAMILY = "1,2";
			};
			name = Release;
		};
/* End XCBuildConfiguration section */

/* Begin XCConfigurationList section */
		423FB9322A61587E001C9EC5 /* Build configuration list for PBXProject "team1nc3" */ = {
			isa = XCConfigurationList;
			buildConfigurations = (
				423FB9432A615880001C9EC5 /* Debug */,
				423FB9442A615880001C9EC5 /* Release */,
			);
			defaultConfigurationIsVisible = 0;
			defaultConfigurationName = Release;
		};
		423FB9452A615880001C9EC5 /* Build configuration list for PBXNativeTarget "team1nc3" */ = {
			isa = XCConfigurationList;
			buildConfigurations = (
				423FB9462A615880001C9EC5 /* Debug */,
				423FB9472A615880001C9EC5 /* Release */,
			);
			defaultConfigurationIsVisible = 0;
			defaultConfigurationName = Release;
		};
/* End XCConfigurationList section */
	};
	rootObject = 423FB92F2A61587E001C9EC5 /* Project object */;
}
